
Microsoft Visual Studio Solution File, Format Version 12.00
# Visual Studio Version 16
VisualStudioVersion = 16.0.31515.178
MinimumVisualStudioVersion = 10.0.40219.1
Project("{FAE04EC0-301F-11D3-BF4B-00C04F79EFBC}") = "Electrification.ABB.SDK.EnPI.Update", "Electrification.ABB.SDK.EnPI.Update.csproj", "{8FC76490-6FA0-4AAA-BB0A-996105C4B997}"
EndProject
Global
	GlobalSection(SolutionConfigurationPlatforms) = preSolution
		Debug|Any CPU = Debug|Any CPU
		Release|Any CPU = Release|Any CPU
	EndGlobalSection
	GlobalSection(ProjectConfigurationPlatforms) = postSolution
		{8FC76490-6FA0-4AAA-BB0A-996105C4B997}.Debug|Any CPU.ActiveCfg = Debug|Any CPU
		{8FC76490-6FA0-4AAA-BB0A-996105C4B997}.Debug|Any CPU.Build.0 = Debug|Any CPU
		{8FC76490-6FA0-4AAA-BB0A-996105C4B997}.Release|Any CPU.ActiveCfg = Release|Any CPU
		{8FC76490-6FA0-4AAA-BB0A-996105C4B997}.Release|Any CPU.Build.0 = Release|Any CPU
	EndGlobalSection
	GlobalSection(SolutionProperties) = preSolution
		HideSolutionNode = FALSE
	EndGlobalSection
	GlobalSection(ExtensibilityGlobals) = postSolution
		SolutionGuid = {FC331BBC-8CB7-463F-850F-0134D63957D7}
	EndGlobalSection
EndGlobal
